("quicklisp" .
 (:class qlot.source.ql:source-ql-all
  :initargs (:project-name "quicklisp" :%version :latest)
  :version "2018-02-28"))
("ps-experiment" .
 (:class qlot.source.github:source-github
  :initargs (:project-name "ps-experiment" :repos "eshamster/ps-experiment" :ref nil :branch nil :tag nil)
  :version "github-d0d8eedb4b004764fa3c14225792a2c841052824"
  :repos "eshamster/ps-experiment"
  :url "https://github.com/eshamster/ps-experiment/archive/d0d8eedb4b004764fa3c14225792a2c841052824.tar.gz"
  :ref "d0d8eedb4b004764fa3c14225792a2c841052824"))
("cl-ps-ecs" .
 (:class qlot.source.github:source-github
  :initargs (:project-name "cl-ps-ecs" :repos "eshamster/cl-ps-ecs" :ref nil :branch nil :tag nil)
  :version "github-448cfa0833fd5c54b6fde721b65a8adba6d49f6f"
  :repos "eshamster/cl-ps-ecs"
  :url "https://github.com/eshamster/cl-ps-ecs/archive/448cfa0833fd5c54b6fde721b65a8adba6d49f6f.tar.gz"
  :ref "448cfa0833fd5c54b6fde721b65a8adba6d49f6f"))
("cl-web-2d-game" .
 (:class qlot.source.github:source-github
  :initargs (:project-name "cl-web-2d-game" :repos "eshamster/cl-web-2d-game" :ref nil :branch nil :tag nil)
  :version "github-6dec7fc4866b3c96bb7900f0df00087985716b65"
  :repos "eshamster/cl-web-2d-game"
  :url "https://github.com/eshamster/cl-web-2d-game/archive/6dec7fc4866b3c96bb7900f0df00087985716b65.tar.gz"
  :ref "6dec7fc4866b3c96bb7900f0df00087985716b65"))
