("quicklisp" .
 (:class qlot.source.ql:source-ql-all
  :initargs (:project-name "quicklisp" :%version :latest)
  :version "2018-02-28"))
("ps-experiment" .
 (:class qlot.source.github:source-github
  :initargs (:project-name "ps-experiment" :repos "eshamster/ps-experiment" :ref nil :branch nil :tag nil)
  :version "github-d0d8eedb4b004764fa3c14225792a2c841052824"
  :repos "eshamster/ps-experiment"
  :url "https://github.com/eshamster/ps-experiment/archive/d0d8eedb4b004764fa3c14225792a2c841052824.tar.gz"
  :ref "d0d8eedb4b004764fa3c14225792a2c841052824"))
("cl-ps-ecs" .
 (:class qlot.source.github:source-github
  :initargs (:project-name "cl-ps-ecs" :repos "eshamster/cl-ps-ecs" :ref nil :branch nil :tag nil)
  :version "github-f6e3f95f6feb862674c2b079137d321b9e75b8cc"
  :repos "eshamster/cl-ps-ecs"
  :url "https://github.com/eshamster/cl-ps-ecs/archive/f6e3f95f6feb862674c2b079137d321b9e75b8cc.tar.gz"
  :ref "f6e3f95f6feb862674c2b079137d321b9e75b8cc"))
("cl-web-2d-game" .
 (:class qlot.source.github:source-github
  :initargs (:project-name "cl-web-2d-game" :repos "eshamster/cl-web-2d-game" :ref nil :branch nil :tag nil)
  :version "github-b3d7e9cfb7ca03baca7bbd619eee6e9ef6291d90"
  :repos "eshamster/cl-web-2d-game"
  :url "https://github.com/eshamster/cl-web-2d-game/archive/b3d7e9cfb7ca03baca7bbd619eee6e9ef6291d90.tar.gz"
  :ref "b3d7e9cfb7ca03baca7bbd619eee6e9ef6291d90"))
