("quicklisp" .
 (:class qlot.source.ql:source-ql-all
  :initargs (:distribution "http://beta.quicklisp.org/dist/quicklisp.txt" :%version :latest)
  :version "2019-03-07"))
("ps-experiment" .
 (:class qlot.source.github:source-github
  :initargs (:project-name "ps-experiment" :repos "eshamster/ps-experiment" :ref nil :branch nil :tag nil)
  :version "github-823c27bb650de1381668c7298e401f907fec529f"
  :repos "eshamster/ps-experiment"
  :url "https://github.com/eshamster/ps-experiment/archive/823c27bb650de1381668c7298e401f907fec529f.tar.gz"
  :ref "823c27bb650de1381668c7298e401f907fec529f"))
("cl-ps-ecs" .
 (:class qlot.source.github:source-github
  :initargs (:project-name "cl-ps-ecs" :repos "eshamster/cl-ps-ecs" :ref nil :branch nil :tag nil)
  :version "github-1e88041de8dfd631084231f82a040f080766d28c"
  :repos "eshamster/cl-ps-ecs"
  :url "https://github.com/eshamster/cl-ps-ecs/archive/1e88041de8dfd631084231f82a040f080766d28c.tar.gz"
  :ref "1e88041de8dfd631084231f82a040f080766d28c"))
("cl-web-2d-game" .
 (:class qlot.source.github:source-github
  :initargs (:project-name "cl-web-2d-game" :repos "eshamster/cl-web-2d-game" :ref nil :branch nil :tag nil)
  :version "github-9c00f4540c3669ae70eaf2229b93c14b84925eeb"
  :repos "eshamster/cl-web-2d-game"
  :url "https://github.com/eshamster/cl-web-2d-game/archive/9c00f4540c3669ae70eaf2229b93c14b84925eeb.tar.gz"
  :ref "9c00f4540c3669ae70eaf2229b93c14b84925eeb"))
